
Microsoft Visual Studio Solution File, Format Version 12.00
# Visual Studio Version 16
VisualStudioVersion = 16.0.29905.134
MinimumVisualStudioVersion = 10.0.40219.1
Project("{FAE04EC0-301F-11D3-BF4B-00C04F79EFBC}") = "CourseProject", "CourseProject\CourseProject.csproj", "{14A97BE1-3E99-4C7D-A062-B1084943BE33}"
EndProject
Global
	GlobalSection(SolutionConfigurationPlatforms) = preSolution
		Debug|Any CPU = Debug|Any CPU
		Release|Any CPU = Release|Any CPU
	EndGlobalSection
	GlobalSection(ProjectConfigurationPlatforms) = postSolution
		{14A97BE1-3E99-4C7D-A062-B1084943BE33}.Debug|Any CPU.ActiveCfg = Debug|Any CPU
		{14A97BE1-3E99-4C7D-A062-B1084943BE33}.Debug|Any CPU.Build.0 = Debug|Any CPU
		{14A97BE1-3E99-4C7D-A062-B1084943BE33}.Release|Any CPU.ActiveCfg = Release|Any CPU
		{14A97BE1-3E99-4C7D-A062-B1084943BE33}.Release|Any CPU.Build.0 = Release|Any CPU
	EndGlobalSection
	GlobalSection(SolutionProperties) = preSolution
		HideSolutionNode = FALSE
	EndGlobalSection
	GlobalSection(ExtensibilityGlobals) = postSolution
		SolutionGuid = {C5DF7DC0-15AB-44F4-9904-1C3E42B2EDF8}
	EndGlobalSection
EndGlobal
